<Solution>
  <Folder Name="/EventManagement.Bookings/">
    <Project Path="src/EventManagement.Bookings.Api/EventManagement.Bookings.Api.csproj" Id="479c54a4-88db-4eb3-b1cc-84a764cf8985" />
    <Project Path="src/EventManagement.Bookings.Application/EventManagement.Bookings.Application.csproj" Id="0587c254-3a75-4b01-9ca8-b7e8132ccfc5" />
    <Project Path="src/EventManagement.Bookings.Domain/EventManagement.Bookings.Domain.csproj" Id="cb29273d-f3a8-46dc-84b8-47ff91ac3048" />
    <Project Path="src/EventManagement.Bookings.Infrastructure/EventManagement.Bookings.Infrastructure.csproj" Id="5e3c7f38-3790-4172-bacc-b11dbfe749a7" />
  </Folder>
  <Folder Name="/EventManagement.Events/">
    <Project Path="src/EventManagement.Events.Api/EventManagement.Events.Api.csproj" Id="6d3e0554-9824-4417-853d-f16bb5c21bce" />
    <Project Path="src/EventManagement.Events.Application/EventManagement.Events.Application.csproj" Id="0d6b9390-6095-4aa9-93d6-8e2f3acb02c7" />
    <Project Path="src/EventManagement.Events.Domain/EventManagement.Events.Domain.csproj" Id="769dca19-b2b3-4814-a4e2-77f3e7327ee5" />
    <Project Path="src/EventManagement.Events.Infrastructure/EventManagement.Events.Infrastructure.csproj" Id="b8280388-a6e8-4174-a43e-a4e2f522e841" />
  </Folder>
  <Folder Name="/EventManagement.Identity/">
    <Project Path="src/EventManagement.Identity.Api/EventManagement.Identity.Api.csproj" Id="f4b622db-1a2d-42c9-b8f9-2c3c98047aa3" />
    <Project Path="src/EventManagement.Identity.Application/EventManagement.Identity.Application.csproj" Id="b44d11a3-b6c5-4d29-af70-d20a3be7e574" />
    <Project Path="src/EventManagement.Identity.Domain/EventManagement.Identity.Domain.csproj" Id="208ecf8a-6b53-4be7-a1b3-5b3fb5d02153" />
    <Project Path="src/EventManagement.Identity.Infrastructure/EventManagement.Identity.Infrastructure.csproj" Id="dee61580-0ac1-4d8b-9dfd-a6ce310097aa" />
  </Folder>
  <Folder Name="/EventManagement.Shared/">
    <Project Path="src/EventManagement.Shared/EventManagement.Shared.csproj" Id="b321c62a-1a6d-43c8-a588-1439a2c6e03d" />
  </Folder>
  <Folder Name="/Tests/">
    <Project Path="tests/EventManagementService.Bookings.IntegrationTests/EventManagementService.Bookings.IntegrationTests.csproj" Id="d34fad2c-d499-4fd6-8c08-4d2db101e7dd" />
    <Project Path="tests/EventManagementService.Events.IntegrationTests/EventManagementService.Events.IntegrationTests.csproj" Id="a8f48dc4-7cb1-4279-9e63-2d646b866e85" />
    <Project Path="tests/EventManagementService.Identity.IntegrationTests/EventManagementService.Identity.IntegrationTests.csproj" Id="735f2c79-c79b-445e-80bf-b9fcefca325f" />
    <Project Path="tests/EventManagementService.UnitTests/EventManagementService.UnitTests.csproj" Id="0228cf7e-d874-4035-9aa2-3849bb75a7b5" />
  </Folder>
  <Folder Name="/YML/">
    <File Path="docker-compose.yml" />
    <File Path="prometheus.yml" />
  </Folder>
</Solution>
