<Solution>
  <Folder Name="/EventManagement.Bookings/" />
  <Folder Name="/EventManagement.Events/">
    <Project Path="src/EventManagement.Events.Api/EventManagement.Events.Api.csproj" Id="6d3e0554-9824-4417-853d-f16bb5c21bce" />
    <Project Path="src/EventManagement.Events.Application/EventManagement.Events.Application.csproj" Id="0d6b9390-6095-4aa9-93d6-8e2f3acb02c7" />
    <Project Path="src/EventManagement.Events.Domain/EventManagement.Events.Domain.csproj" Id="769dca19-b2b3-4814-a4e2-77f3e7327ee5" />
    <Project Path="src/EventManagement.Events.Infrastructure/EventManagement.Events.Infrastructure.csproj" Id="b8280388-a6e8-4174-a43e-a4e2f522e841" />
  </Folder>
  <Folder Name="/EventManagement.Identity/">
    <Project Path="src/EventManagement.Identity.Api/EventManagement.Identity.Api.csproj" Id="f4b622db-1a2d-42c9-b8f9-2c3c98047aa3" />
    <Project Path="src/EventManagement.Identity.Application/EventManagement.Identity.Application.csproj" Id="b44d11a3-b6c5-4d29-af70-d20a3be7e574" />
    <Project Path="src/EventManagement.Identity.Domain/EventManagement.Identity.Domain.csproj" Id="208ecf8a-6b53-4be7-a1b3-5b3fb5d02153" />
    <Project Path="src/EventManagement.Identity.Infrastructure/EventManagement.Identity.Infrastructure.csproj" Id="dee61580-0ac1-4d8b-9dfd-a6ce310097aa" />
  </Folder>
  <Folder Name="/EventManagement.Shared/">
    <Project Path="src/EventManagement.Shared/EventManagement.Shared.csproj" Id="b321c62a-1a6d-43c8-a588-1439a2c6e03d" />
  </Folder>
  <Folder Name="/Tests/">
    <Project Path="tests/EventManagementService.IntegrationTests/EventManagementService.IntegrationTests.csproj" Id="36aeff22-6531-4412-a815-cea40fceb79a" />
    <Project Path="tests/EventManagementService.UnitTests/EventManagementService.UnitTests.csproj" Id="0228cf7e-d874-4035-9aa2-3849bb75a7b5" />
  </Folder>
  <Project Path="src/Application/Application.csproj" Id="f9245887-e2ad-43c4-8a24-6bed3d9fb041" />
  <Project Path="src/Domain/Domain.csproj" Id="6df53240-8f43-4980-9a26-b2f73b4837a0" />
  <Project Path="src/EventManagementService/EventManagementService.csproj" />
  <Project Path="src/Infrastructure/Infrastructure.csproj" Id="a686baaa-8767-4365-ac26-23be2e8a26c6" />
</Solution>
