<Solution>
  <Folder Name="/Tests/">
    <Project Path="../../tests/EventManagementService.IntegrationTests/EventManagementService.IntegrationTests.csproj" Id="36aeff22-6531-4412-a815-cea40fceb79a" />
    <Project Path="../../tests/EventManagementService.Tests/EventManagementService.Tests.csproj" Id="0228cf7e-d874-4035-9aa2-3849bb75a7b5" />
  </Folder>
  <Project Path="../Application/Application.csproj" Id="f9245887-e2ad-43c4-8a24-6bed3d9fb041" />
  <Project Path="../Domain/Domain.csproj" Id="6df53240-8f43-4980-9a26-b2f73b4837a0" />
  <Project Path="../Infrastructure/Infrastructure.csproj" Id="a686baaa-8767-4365-ac26-23be2e8a26c6" />
  <Project Path="EventManagementService.csproj" />
</Solution>
